
Microsoft Visual Studio Solution File, Format Version 12.00
# Visual Studio Version 17
VisualStudioVersion = 17.5.33414.496
MinimumVisualStudioVersion = 10.0.40219.1
Project("{9A19103F-16F7-4668-BE54-9A1E7A4F7556}") = "EntityLayer", "EntityLayer\EntityLayer.csproj", "{AABCD9D4-D8DF-4378-8C23-2F4E97C5B349}"
EndProject
Project("{9A19103F-16F7-4668-BE54-9A1E7A4F7556}") = "DataAccessLayer", "DataAccessLayer\DataAccessLayer.csproj", "{BB0E802F-1D82-415E-8303-A97FADE34BA0}"
EndProject
Project("{9A19103F-16F7-4668-BE54-9A1E7A4F7556}") = "CoreLayer", "CoreLayer\CoreLayer.csproj", "{AC3844D3-4B44-4B7A-913E-11C392FFA895}"
EndProject
Project("{9A19103F-16F7-4668-BE54-9A1E7A4F7556}") = "BusinessLayer", "BusinessLayer\BusinessLayer.csproj", "{06B3062B-69DF-4D2A-8448-FE06854E4CBF}"
EndProject
Project("{FAE04EC0-301F-11D3-BF4B-00C04F79EFBC}") = "UILayer", "UILayer\UILayer.csproj", "{DABB09DC-55C5-4A3E-8CB8-4BB3D0719C0F}"
EndProject
Global
	GlobalSection(SolutionConfigurationPlatforms) = preSolution
		Debug|Any CPU = Debug|Any CPU
		Release|Any CPU = Release|Any CPU
	EndGlobalSection
	GlobalSection(ProjectConfigurationPlatforms) = postSolution
		{AABCD9D4-D8DF-4378-8C23-2F4E97C5B349}.Debug|Any CPU.ActiveCfg = Debug|Any CPU
		{AABCD9D4-D8DF-4378-8C23-2F4E97C5B349}.Debug|Any CPU.Build.0 = Debug|Any CPU
		{AABCD9D4-D8DF-4378-8C23-2F4E97C5B349}.Release|Any CPU.ActiveCfg = Release|Any CPU
		{AABCD9D4-D8DF-4378-8C23-2F4E97C5B349}.Release|Any CPU.Build.0 = Release|Any CPU
		{BB0E802F-1D82-415E-8303-A97FADE34BA0}.Debug|Any CPU.ActiveCfg = Debug|Any CPU
		{BB0E802F-1D82-415E-8303-A97FADE34BA0}.Debug|Any CPU.Build.0 = Debug|Any CPU
		{BB0E802F-1D82-415E-8303-A97FADE34BA0}.Release|Any CPU.ActiveCfg = Release|Any CPU
		{BB0E802F-1D82-415E-8303-A97FADE34BA0}.Release|Any CPU.Build.0 = Release|Any CPU
		{AC3844D3-4B44-4B7A-913E-11C392FFA895}.Debug|Any CPU.ActiveCfg = Debug|Any CPU
		{AC3844D3-4B44-4B7A-913E-11C392FFA895}.Debug|Any CPU.Build.0 = Debug|Any CPU
		{AC3844D3-4B44-4B7A-913E-11C392FFA895}.Release|Any CPU.ActiveCfg = Release|Any CPU
		{AC3844D3-4B44-4B7A-913E-11C392FFA895}.Release|Any CPU.Build.0 = Release|Any CPU
		{06B3062B-69DF-4D2A-8448-FE06854E4CBF}.Debug|Any CPU.ActiveCfg = Debug|Any CPU
		{06B3062B-69DF-4D2A-8448-FE06854E4CBF}.Debug|Any CPU.Build.0 = Debug|Any CPU
		{06B3062B-69DF-4D2A-8448-FE06854E4CBF}.Release|Any CPU.ActiveCfg = Release|Any CPU
		{06B3062B-69DF-4D2A-8448-FE06854E4CBF}.Release|Any CPU.Build.0 = Release|Any CPU
		{DABB09DC-55C5-4A3E-8CB8-4BB3D0719C0F}.Debug|Any CPU.ActiveCfg = Debug|Any CPU
		{DABB09DC-55C5-4A3E-8CB8-4BB3D0719C0F}.Debug|Any CPU.Build.0 = Debug|Any CPU
		{DABB09DC-55C5-4A3E-8CB8-4BB3D0719C0F}.Release|Any CPU.ActiveCfg = Release|Any CPU
		{DABB09DC-55C5-4A3E-8CB8-4BB3D0719C0F}.Release|Any CPU.Build.0 = Release|Any CPU
	EndGlobalSection
	GlobalSection(SolutionProperties) = preSolution
		HideSolutionNode = FALSE
	EndGlobalSection
	GlobalSection(ExtensibilityGlobals) = postSolution
		SolutionGuid = {E9045E50-0175-4C8F-BD6A-74A978F57F74}
	EndGlobalSection
EndGlobal
